// !$*UTF8*$!
{
	archiveVersion = 1;
	classes = {
	};
	objectVersion = 46;
	objects = {

/* Begin PBXBuildFile section */
		2C3EB6B51C82E90A6753D8AF /* Pods_BookCase.framework in Frameworks */ = {isa = PBXBuildFile; fileRef = AB66D720496F273F7CBF00CD /* Pods_BookCase.framework */; };
		9ADB8BE38A5C94B16F78C6D8 /* Pods_BookCaseTests.framework in Frameworks */ = {isa = PBXBuildFile; fileRef = 9089E95211B03421B8288744 /* Pods_BookCaseTests.framework */; };
		AD15F6461F0058ED0080ED45 /* Order.swift in Sources */ = {isa = PBXBuildFile; fileRef = AD15F6451F0058ED0080ED45 /* Order.swift */; };
		AD15F6481F006F170080ED45 /* OffersManager.swift in Sources */ = {isa = PBXBuildFile; fileRef = AD15F6471F006F170080ED45 /* OffersManager.swift */; };
		AD15F64A1F006F5B0080ED45 /* Offer.swift in Sources */ = {isa = PBXBuildFile; fileRef = AD15F6491F006F5B0080ED45 /* Offer.swift */; };
		ADC71E271EFD0A79003A91CE /* AppDelegate.swift in Sources */ = {isa = PBXBuildFile; fileRef = ADC71E261EFD0A79003A91CE /* AppDelegate.swift */; };
		ADC71E2C1EFD0A79003A91CE /* Main.storyboard in Resources */ = {isa = PBXBuildFile; fileRef = ADC71E2A1EFD0A79003A91CE /* Main.storyboard */; };
		ADC71E2E1EFD0A79003A91CE /* Assets.xcassets in Resources */ = {isa = PBXBuildFile; fileRef = ADC71E2D1EFD0A79003A91CE /* Assets.xcassets */; };
		ADC71E311EFD0A79003A91CE /* LaunchScreen.storyboard in Resources */ = {isa = PBXBuildFile; fileRef = ADC71E2F1EFD0A79003A91CE /* LaunchScreen.storyboard */; };
		ADC71E3C1EFD0A79003A91CE /* BookCaseTests.swift in Sources */ = {isa = PBXBuildFile; fileRef = ADC71E3B1EFD0A79003A91CE /* BookCaseTests.swift */; };
		ADC71E4E1EFD1D1D003A91CE /* README.md in Sources */ = {isa = PBXBuildFile; fileRef = ADC71E4D1EFD1D1D003A91CE /* README.md */; };
		ADC71E521EFD1E28003A91CE /* BooksViewController.swift in Sources */ = {isa = PBXBuildFile; fileRef = ADC71E511EFD1E28003A91CE /* BooksViewController.swift */; };
		ADC71E541EFD209C003A91CE /* OrderViewController.swift in Sources */ = {isa = PBXBuildFile; fileRef = ADC71E531EFD209C003A91CE /* OrderViewController.swift */; };
		ADC71E571EFD24C6003A91CE /* BookTableViewCell.swift in Sources */ = {isa = PBXBuildFile; fileRef = ADC71E561EFD24C6003A91CE /* BookTableViewCell.swift */; };
		ADC71E591EFD25BE003A91CE /* BooksManager.swift in Sources */ = {isa = PBXBuildFile; fileRef = ADC71E581EFD25BE003A91CE /* BooksManager.swift */; };
		ADC71E5B1EFD26EB003A91CE /* Book.swift in Sources */ = {isa = PBXBuildFile; fileRef = ADC71E5A1EFD26EB003A91CE /* Book.swift */; };
		ADC71E5F1EFD5AA6003A91CE /* UIViewController+Loading.swift in Sources */ = {isa = PBXBuildFile; fileRef = ADC71E5E1EFD5AA6003A91CE /* UIViewController+Loading.swift */; };
		ADCF9DEC1F01971B0098C9F6 /* OrderedBookTableViewCell.swift in Sources */ = {isa = PBXBuildFile; fileRef = ADCF9DEB1F01971B0098C9F6 /* OrderedBookTableViewCell.swift */; };
		ADD9B7CF1F02229F0092901B /* NetworkClient.swift in Sources */ = {isa = PBXBuildFile; fileRef = ADD9B7CE1F02229F0092901B /* NetworkClient.swift */; };
/* End PBXBuildFile section */

/* Begin PBXContainerItemProxy section */
		ADC71E381EFD0A79003A91CE /* PBXContainerItemProxy */ = {
			isa = PBXContainerItemProxy;
			containerPortal = ADC71E1B1EFD0A79003A91CE /* Project object */;
			proxyType = 1;
			remoteGlobalIDString = ADC71E221EFD0A79003A91CE;
			remoteInfo = BookCase;
		};
/* End PBXContainerItemProxy section */

/* Begin PBXFileReference section */
		4BCEC9DC7DE14B4FA3FFDB9F /* Pods-BookCase.release.xcconfig */ = {isa = PBXFileReference; includeInIndex = 1; lastKnownFileType = text.xcconfig; name = "Pods-BookCase.release.xcconfig"; path = "Pods/Target Support Files/Pods-BookCase/Pods-BookCase.release.xcconfig"; sourceTree = "<group>"; };
		4D1E98F38B3B090319E0A01C /* Pods-BookCaseTests.release.xcconfig */ = {isa = PBXFileReference; includeInIndex = 1; lastKnownFileType = text.xcconfig; name = "Pods-BookCaseTests.release.xcconfig"; path = "Pods/Target Support Files/Pods-BookCaseTests/Pods-BookCaseTests.release.xcconfig"; sourceTree = "<group>"; };
		9089E95211B03421B8288744 /* Pods_BookCaseTests.framework */ = {isa = PBXFileReference; explicitFileType = wrapper.framework; includeInIndex = 0; path = Pods_BookCaseTests.framework; sourceTree = BUILT_PRODUCTS_DIR; };
		9F0DB3CB84B0245F5B81E681 /* Pods-BookCaseTests.debug.xcconfig */ = {isa = PBXFileReference; includeInIndex = 1; lastKnownFileType = text.xcconfig; name = "Pods-BookCaseTests.debug.xcconfig"; path = "Pods/Target Support Files/Pods-BookCaseTests/Pods-BookCaseTests.debug.xcconfig"; sourceTree = "<group>"; };
		AB66D720496F273F7CBF00CD /* Pods_BookCase.framework */ = {isa = PBXFileReference; explicitFileType = wrapper.framework; includeInIndex = 0; path = Pods_BookCase.framework; sourceTree = BUILT_PRODUCTS_DIR; };
		AD15F6451F0058ED0080ED45 /* Order.swift */ = {isa = PBXFileReference; fileEncoding = 4; lastKnownFileType = sourcecode.swift; name = Order.swift; path = Models/Order.swift; sourceTree = "<group>"; };
		AD15F6471F006F170080ED45 /* OffersManager.swift */ = {isa = PBXFileReference; fileEncoding = 4; lastKnownFileType = sourcecode.swift; name = OffersManager.swift; path = Managers/OffersManager.swift; sourceTree = "<group>"; };
		AD15F6491F006F5B0080ED45 /* Offer.swift */ = {isa = PBXFileReference; fileEncoding = 4; lastKnownFileType = sourcecode.swift; name = Offer.swift; path = Models/Offer.swift; sourceTree = "<group>"; };
		ADC71E231EFD0A79003A91CE /* BookCase.app */ = {isa = PBXFileReference; explicitFileType = wrapper.application; includeInIndex = 0; path = BookCase.app; sourceTree = BUILT_PRODUCTS_DIR; };
		ADC71E261EFD0A79003A91CE /* AppDelegate.swift */ = {isa = PBXFileReference; lastKnownFileType = sourcecode.swift; path = AppDelegate.swift; sourceTree = "<group>"; };
		ADC71E2B1EFD0A79003A91CE /* Base */ = {isa = PBXFileReference; lastKnownFileType = file.storyboard; name = Base; path = Base.lproj/Main.storyboard; sourceTree = "<group>"; };
		ADC71E2D1EFD0A79003A91CE /* Assets.xcassets */ = {isa = PBXFileReference; lastKnownFileType = folder.assetcatalog; path = Assets.xcassets; sourceTree = "<group>"; };
		ADC71E301EFD0A79003A91CE /* Base */ = {isa = PBXFileReference; lastKnownFileType = file.storyboard; name = Base; path = Base.lproj/LaunchScreen.storyboard; sourceTree = "<group>"; };
		ADC71E321EFD0A79003A91CE /* Info.plist */ = {isa = PBXFileReference; lastKnownFileType = text.plist.xml; path = Info.plist; sourceTree = "<group>"; };
		ADC71E371EFD0A79003A91CE /* BookCaseTests.xctest */ = {isa = PBXFileReference; explicitFileType = wrapper.cfbundle; includeInIndex = 0; path = BookCaseTests.xctest; sourceTree = BUILT_PRODUCTS_DIR; };
		ADC71E3B1EFD0A79003A91CE /* BookCaseTests.swift */ = {isa = PBXFileReference; lastKnownFileType = sourcecode.swift; path = BookCaseTests.swift; sourceTree = "<group>"; };
		ADC71E3D1EFD0A79003A91CE /* Info.plist */ = {isa = PBXFileReference; lastKnownFileType = text.plist.xml; path = Info.plist; sourceTree = "<group>"; };
		ADC71E4D1EFD1D1D003A91CE /* README.md */ = {isa = PBXFileReference; fileEncoding = 4; lastKnownFileType = net.daringfireball.markdown; path = README.md; sourceTree = "<group>"; };
		ADC71E511EFD1E28003A91CE /* BooksViewController.swift */ = {isa = PBXFileReference; fileEncoding = 4; lastKnownFileType = sourcecode.swift; name = BooksViewController.swift; path = ViewControllers/BooksViewController.swift; sourceTree = "<group>"; };
		ADC71E531EFD209C003A91CE /* OrderViewController.swift */ = {isa = PBXFileReference; fileEncoding = 4; lastKnownFileType = sourcecode.swift; name = OrderViewController.swift; path = ViewControllers/OrderViewController.swift; sourceTree = "<group>"; };
		ADC71E561EFD24C6003A91CE /* BookTableViewCell.swift */ = {isa = PBXFileReference; fileEncoding = 4; lastKnownFileType = sourcecode.swift; name = BookTableViewCell.swift; path = ViewControllers/BookTableViewCell.swift; sourceTree = "<group>"; };
		ADC71E581EFD25BE003A91CE /* BooksManager.swift */ = {isa = PBXFileReference; fileEncoding = 4; lastKnownFileType = sourcecode.swift; name = BooksManager.swift; path = Managers/BooksManager.swift; sourceTree = "<group>"; };
		ADC71E5A1EFD26EB003A91CE /* Book.swift */ = {isa = PBXFileReference; fileEncoding = 4; lastKnownFileType = sourcecode.swift; name = Book.swift; path = Models/Book.swift; sourceTree = "<group>"; };
		ADC71E5E1EFD5AA6003A91CE /* UIViewController+Loading.swift */ = {isa = PBXFileReference; fileEncoding = 4; lastKnownFileType = sourcecode.swift; name = "UIViewController+Loading.swift"; path = "Utils/UIViewController+Loading.swift"; sourceTree = "<group>"; };
		ADCF9DEB1F01971B0098C9F6 /* OrderedBookTableViewCell.swift */ = {isa = PBXFileReference; fileEncoding = 4; lastKnownFileType = sourcecode.swift; name = OrderedBookTableViewCell.swift; path = ViewControllers/OrderedBookTableViewCell.swift; sourceTree = "<group>"; };
		ADD9B7CE1F02229F0092901B /* NetworkClient.swift */ = {isa = PBXFileReference; fileEncoding = 4; lastKnownFileType = sourcecode.swift; name = NetworkClient.swift; path = DAL/NetworkClient.swift; sourceTree = "<group>"; };
		E39168FF4FB0B1DDFABD9FD0 /* Pods-BookCase.debug.xcconfig */ = {isa = PBXFileReference; includeInIndex = 1; lastKnownFileType = text.xcconfig; name = "Pods-BookCase.debug.xcconfig"; path = "Pods/Target Support Files/Pods-BookCase/Pods-BookCase.debug.xcconfig"; sourceTree = "<group>"; };
/* End PBXFileReference section */

/* Begin PBXFrameworksBuildPhase section */
		ADC71E201EFD0A79003A91CE /* Frameworks */ = {
			isa = PBXFrameworksBuildPhase;
			buildActionMask = 2147483647;
			files = (
				2C3EB6B51C82E90A6753D8AF /* Pods_BookCase.framework in Frameworks */,
			);
			runOnlyForDeploymentPostprocessing = 0;
		};
		ADC71E341EFD0A79003A91CE /* Frameworks */ = {
			isa = PBXFrameworksBuildPhase;
			buildActionMask = 2147483647;
			files = (
				9ADB8BE38A5C94B16F78C6D8 /* Pods_BookCaseTests.framework in Frameworks */,
			);
			runOnlyForDeploymentPostprocessing = 0;
		};
/* End PBXFrameworksBuildPhase section */

/* Begin PBXGroup section */
		65F2CEC0B68C80FA78375225 /* Frameworks */ = {
			isa = PBXGroup;
			children = (
				AB66D720496F273F7CBF00CD /* Pods_BookCase.framework */,
				9089E95211B03421B8288744 /* Pods_BookCaseTests.framework */,
			);
			name = Frameworks;
			sourceTree = "<group>";
		};
		ADC71E1A1EFD0A79003A91CE = {
			isa = PBXGroup;
			children = (
				ADC71E4D1EFD1D1D003A91CE /* README.md */,
				ADC71E251EFD0A79003A91CE /* BookCase */,
				ADC71E3A1EFD0A79003A91CE /* BookCaseTests */,
				ADC71E241EFD0A79003A91CE /* Products */,
				E0D21F08802F2987939DF07C /* Pods */,
				65F2CEC0B68C80FA78375225 /* Frameworks */,
			);
			sourceTree = "<group>";
		};
		ADC71E241EFD0A79003A91CE /* Products */ = {
			isa = PBXGroup;
			children = (
				ADC71E231EFD0A79003A91CE /* BookCase.app */,
				ADC71E371EFD0A79003A91CE /* BookCaseTests.xctest */,
			);
			name = Products;
			sourceTree = "<group>";
		};
		ADC71E251EFD0A79003A91CE /* BookCase */ = {
			isa = PBXGroup;
			children = (
				ADC71E461EFD144F003A91CE /* Application */,
				ADC71E471EFD1459003A91CE /* ViewControllers */,
				ADC71E481EFD1464003A91CE /* Managers */,
				ADC71E491EFD1719003A91CE /* Models */,
				ADC71E4A1EFD1725003A91CE /* DAL */,
				ADC71E4B1EFD1730003A91CE /* Utils */,
				ADC71E2D1EFD0A79003A91CE /* Assets.xcassets */,
				ADC71E321EFD0A79003A91CE /* Info.plist */,
			);
			path = BookCase;
			sourceTree = "<group>";
		};
		ADC71E3A1EFD0A79003A91CE /* BookCaseTests */ = {
			isa = PBXGroup;
			children = (
				ADC71E3B1EFD0A79003A91CE /* BookCaseTests.swift */,
				ADC71E3D1EFD0A79003A91CE /* Info.plist */,
			);
			path = BookCaseTests;
			sourceTree = "<group>";
		};
		ADC71E461EFD144F003A91CE /* Application */ = {
			isa = PBXGroup;
			children = (
				ADC71E261EFD0A79003A91CE /* AppDelegate.swift */,
			);
			name = Application;
			sourceTree = "<group>";
		};
		ADC71E471EFD1459003A91CE /* ViewControllers */ = {
			isa = PBXGroup;
			children = (
				ADC71E4F1EFD1DA5003A91CE /* BooksViewController */,
				ADC71E501EFD1DB1003A91CE /* OrderViewController */,
				ADC71E2F1EFD0A79003A91CE /* LaunchScreen.storyboard */,
				ADC71E2A1EFD0A79003A91CE /* Main.storyboard */,
			);
			name = ViewControllers;
			sourceTree = "<group>";
		};
		ADC71E481EFD1464003A91CE /* Managers */ = {
			isa = PBXGroup;
			children = (
				ADC71E581EFD25BE003A91CE /* BooksManager.swift */,
				AD15F6471F006F170080ED45 /* OffersManager.swift */,
			);
			name = Managers;
			sourceTree = "<group>";
		};
		ADC71E491EFD1719003A91CE /* Models */ = {
			isa = PBXGroup;
			children = (
				ADC71E5A1EFD26EB003A91CE /* Book.swift */,
				AD15F6491F006F5B0080ED45 /* Offer.swift */,
				AD15F6451F0058ED0080ED45 /* Order.swift */,
			);
			name = Models;
			sourceTree = "<group>";
		};
		ADC71E4A1EFD1725003A91CE /* DAL */ = {
			isa = PBXGroup;
			children = (
				ADD9B7CE1F02229F0092901B /* NetworkClient.swift */,
			);
			name = DAL;
			sourceTree = "<group>";
		};
		ADC71E4B1EFD1730003A91CE /* Utils */ = {
			isa = PBXGroup;
			children = (
				ADC71E5E1EFD5AA6003A91CE /* UIViewController+Loading.swift */,
			);
			name = Utils;
			sourceTree = "<group>";
		};
		ADC71E4F1EFD1DA5003A91CE /* BooksViewController */ = {
			isa = PBXGroup;
			children = (
				ADC71E511EFD1E28003A91CE /* BooksViewController.swift */,
				ADC71E561EFD24C6003A91CE /* BookTableViewCell.swift */,
			);
			name = BooksViewController;
			sourceTree = "<group>";
		};
		ADC71E501EFD1DB1003A91CE /* OrderViewController */ = {
			isa = PBXGroup;
			children = (
				ADC71E531EFD209C003A91CE /* OrderViewController.swift */,
				ADCF9DEB1F01971B0098C9F6 /* OrderedBookTableViewCell.swift */,
			);
			name = OrderViewController;
			sourceTree = "<group>";
		};
		E0D21F08802F2987939DF07C /* Pods */ = {
			isa = PBXGroup;
			children = (
				E39168FF4FB0B1DDFABD9FD0 /* Pods-BookCase.debug.xcconfig */,
				4BCEC9DC7DE14B4FA3FFDB9F /* Pods-BookCase.release.xcconfig */,
				9F0DB3CB84B0245F5B81E681 /* Pods-BookCaseTests.debug.xcconfig */,
				4D1E98F38B3B090319E0A01C /* Pods-BookCaseTests.release.xcconfig */,
			);
			name = Pods;
			sourceTree = "<group>";
		};
/* End PBXGroup section */

/* Begin PBXNativeTarget section */
		ADC71E221EFD0A79003A91CE /* BookCase */ = {
			isa = PBXNativeTarget;
			buildConfigurationList = ADC71E401EFD0A79003A91CE /* Build configuration list for PBXNativeTarget "BookCase" */;
			buildPhases = (
				23A933DC71F597ADEACC1035 /* [CP] Check Pods Manifest.lock */,
				ADC71E1F1EFD0A79003A91CE /* Sources */,
				ADC71E201EFD0A79003A91CE /* Frameworks */,
				ADC71E211EFD0A79003A91CE /* Resources */,
				5055C6EC000D61AA34097A37 /* [CP] Embed Pods Frameworks */,
				7D18B438B689A20AF916194A /* [CP] Copy Pods Resources */,
			);
			buildRules = (
			);
			dependencies = (
			);
			name = BookCase;
			productName = BookCase;
			productReference = ADC71E231EFD0A79003A91CE /* BookCase.app */;
			productType = "com.apple.product-type.application";
		};
		ADC71E361EFD0A79003A91CE /* BookCaseTests */ = {
			isa = PBXNativeTarget;
			buildConfigurationList = ADC71E431EFD0A79003A91CE /* Build configuration list for PBXNativeTarget "BookCaseTests" */;
			buildPhases = (
				2A15B517558E76B6E5B2EF4A /* [CP] Check Pods Manifest.lock */,
				ADC71E331EFD0A79003A91CE /* Sources */,
				ADC71E341EFD0A79003A91CE /* Frameworks */,
				ADC71E351EFD0A79003A91CE /* Resources */,
				951F5810162064E1B31AB10B /* [CP] Embed Pods Frameworks */,
				B23BEC4E99672639F67427D5 /* [CP] Copy Pods Resources */,
			);
			buildRules = (
			);
			dependencies = (
				ADC71E391EFD0A79003A91CE /* PBXTargetDependency */,
			);
			name = BookCaseTests;
			productName = BookCaseTests;
			productReference = ADC71E371EFD0A79003A91CE /* BookCaseTests.xctest */;
			productType = "com.apple.product-type.bundle.unit-test";
		};
/* End PBXNativeTarget section */

/* Begin PBXProject section */
		ADC71E1B1EFD0A79003A91CE /* Project object */ = {
			isa = PBXProject;
			attributes = {
				LastSwiftUpdateCheck = 0830;
				LastUpgradeCheck = 0830;
				ORGANIZATIONNAME = "Stéphano TELOLAHY";
				TargetAttributes = {
					ADC71E221EFD0A79003A91CE = {
						CreatedOnToolsVersion = 8.3.3;
						ProvisioningStyle = Manual;
					};
					ADC71E361EFD0A79003A91CE = {
						CreatedOnToolsVersion = 8.3.3;
						ProvisioningStyle = Automatic;
						TestTargetID = ADC71E221EFD0A79003A91CE;
					};
				};
			};
			buildConfigurationList = ADC71E1E1EFD0A79003A91CE /* Build configuration list for PBXProject "BookCase" */;
			compatibilityVersion = "Xcode 3.2";
			developmentRegion = English;
			hasScannedForEncodings = 0;
			knownRegions = (
				en,
				Base,
			);
			mainGroup = ADC71E1A1EFD0A79003A91CE;
			productRefGroup = ADC71E241EFD0A79003A91CE /* Products */;
			projectDirPath = "";
			projectRoot = "";
			targets = (
				ADC71E221EFD0A79003A91CE /* BookCase */,
				ADC71E361EFD0A79003A91CE /* BookCaseTests */,
			);
		};
/* End PBXProject section */

/* Begin PBXResourcesBuildPhase section */
		ADC71E211EFD0A79003A91CE /* Resources */ = {
			isa = PBXResourcesBuildPhase;
			buildActionMask = 2147483647;
			files = (
				ADC71E311EFD0A79003A91CE /* LaunchScreen.storyboard in Resources */,
				ADC71E2E1EFD0A79003A91CE /* Assets.xcassets in Resources */,
				ADC71E2C1EFD0A79003A91CE /* Main.storyboard in Resources */,
			);
			runOnlyForDeploymentPostprocessing = 0;
		};
		ADC71E351EFD0A79003A91CE /* Resources */ = {
			isa = PBXResourcesBuildPhase;
			buildActionMask = 2147483647;
			files = (
			);
			runOnlyForDeploymentPostprocessing = 0;
		};
/* End PBXResourcesBuildPhase section */

/* Begin PBXShellScriptBuildPhase section */
		23A933DC71F597ADEACC1035 /* [CP] Check Pods Manifest.lock */ = {
			isa = PBXShellScriptBuildPhase;
			buildActionMask = 2147483647;
			files = (
			);
			inputPaths = (
			);
			name = "[CP] Check Pods Manifest.lock";
			outputPaths = (
			);
			runOnlyForDeploymentPostprocessing = 0;
			shellPath = /bin/sh;
			shellScript = "diff \"${PODS_PODFILE_DIR_PATH}/Podfile.lock\" \"${PODS_ROOT}/Manifest.lock\" > /dev/null\nif [ $? != 0 ] ; then\n    # print error to STDERR\n    echo \"error: The sandbox is not in sync with the Podfile.lock. Run 'pod install' or update your CocoaPods installation.\" >&2\n    exit 1\nfi\n";
			showEnvVarsInLog = 0;
		};
		2A15B517558E76B6E5B2EF4A /* [CP] Check Pods Manifest.lock */ = {
			isa = PBXShellScriptBuildPhase;
			buildActionMask = 2147483647;
			files = (
			);
			inputPaths = (
			);
			name = "[CP] Check Pods Manifest.lock";
			outputPaths = (
			);
			runOnlyForDeploymentPostprocessing = 0;
			shellPath = /bin/sh;
			shellScript = "diff \"${PODS_PODFILE_DIR_PATH}/Podfile.lock\" \"${PODS_ROOT}/Manifest.lock\" > /dev/null\nif [ $? != 0 ] ; then\n    # print error to STDERR\n    echo \"error: The sandbox is not in sync with the Podfile.lock. Run 'pod install' or update your CocoaPods installation.\" >&2\n    exit 1\nfi\n";
			showEnvVarsInLog = 0;
		};
		5055C6EC000D61AA34097A37 /* [CP] Embed Pods Frameworks */ = {
			isa = PBXShellScriptBuildPhase;
			buildActionMask = 2147483647;
			files = (
			);
			inputPaths = (
			);
			name = "[CP] Embed Pods Frameworks";
			outputPaths = (
			);
			runOnlyForDeploymentPostprocessing = 0;
			shellPath = /bin/sh;
			shellScript = "\"${SRCROOT}/Pods/Target Support Files/Pods-BookCase/Pods-BookCase-frameworks.sh\"\n";
			showEnvVarsInLog = 0;
		};
		7D18B438B689A20AF916194A /* [CP] Copy Pods Resources */ = {
			isa = PBXShellScriptBuildPhase;
			buildActionMask = 2147483647;
			files = (
			);
			inputPaths = (
			);
			name = "[CP] Copy Pods Resources";
			outputPaths = (
			);
			runOnlyForDeploymentPostprocessing = 0;
			shellPath = /bin/sh;
			shellScript = "\"${SRCROOT}/Pods/Target Support Files/Pods-BookCase/Pods-BookCase-resources.sh\"\n";
			showEnvVarsInLog = 0;
		};
		951F5810162064E1B31AB10B /* [CP] Embed Pods Frameworks */ = {
			isa = PBXShellScriptBuildPhase;
			buildActionMask = 2147483647;
			files = (
			);
			inputPaths = (
			);
			name = "[CP] Embed Pods Frameworks";
			outputPaths = (
			);
			runOnlyForDeploymentPostprocessing = 0;
			shellPath = /bin/sh;
			shellScript = "\"${SRCROOT}/Pods/Target Support Files/Pods-BookCaseTests/Pods-BookCaseTests-frameworks.sh\"\n";
			showEnvVarsInLog = 0;
		};
		B23BEC4E99672639F67427D5 /* [CP] Copy Pods Resources */ = {
			isa = PBXShellScriptBuildPhase;
			buildActionMask = 2147483647;
			files = (
			);
			inputPaths = (
			);
			name = "[CP] Copy Pods Resources";
			outputPaths = (
			);
			runOnlyForDeploymentPostprocessing = 0;
			shellPath = /bin/sh;
			shellScript = "\"${SRCROOT}/Pods/Target Support Files/Pods-BookCaseTests/Pods-BookCaseTests-resources.sh\"\n";
			showEnvVarsInLog = 0;
		};
/* End PBXShellScriptBuildPhase section */

/* Begin PBXSourcesBuildPhase section */
		ADC71E1F1EFD0A79003A91CE /* Sources */ = {
			isa = PBXSourcesBuildPhase;
			buildActionMask = 2147483647;
			files = (
				ADCF9DEC1F01971B0098C9F6 /* OrderedBookTableViewCell.swift in Sources */,
				ADC71E4E1EFD1D1D003A91CE /* README.md in Sources */,
				ADC71E521EFD1E28003A91CE /* BooksViewController.swift in Sources */,
				ADC71E5B1EFD26EB003A91CE /* Book.swift in Sources */,
				AD15F6461F0058ED0080ED45 /* Order.swift in Sources */,
				AD15F6481F006F170080ED45 /* OffersManager.swift in Sources */,
				ADC71E271EFD0A79003A91CE /* AppDelegate.swift in Sources */,
				ADC71E571EFD24C6003A91CE /* BookTableViewCell.swift in Sources */,
				ADD9B7CF1F02229F0092901B /* NetworkClient.swift in Sources */,
				AD15F64A1F006F5B0080ED45 /* Offer.swift in Sources */,
				ADC71E591EFD25BE003A91CE /* BooksManager.swift in Sources */,
				ADC71E541EFD209C003A91CE /* OrderViewController.swift in Sources */,
				ADC71E5F1EFD5AA6003A91CE /* UIViewController+Loading.swift in Sources */,
			);
			runOnlyForDeploymentPostprocessing = 0;
		};
		ADC71E331EFD0A79003A91CE /* Sources */ = {
			isa = PBXSourcesBuildPhase;
			buildActionMask = 2147483647;
			files = (
				ADC71E3C1EFD0A79003A91CE /* BookCaseTests.swift in Sources */,
			);
			runOnlyForDeploymentPostprocessing = 0;
		};
/* End PBXSourcesBuildPhase section */

/* Begin PBXTargetDependency section */
		ADC71E391EFD0A79003A91CE /* PBXTargetDependency */ = {
			isa = PBXTargetDependency;
			target = ADC71E221EFD0A79003A91CE /* BookCase */;
			targetProxy = ADC71E381EFD0A79003A91CE /* PBXContainerItemProxy */;
		};
/* End PBXTargetDependency section */

/* Begin PBXVariantGroup section */
		ADC71E2A1EFD0A79003A91CE /* Main.storyboard */ = {
			isa = PBXVariantGroup;
			children = (
				ADC71E2B1EFD0A79003A91CE /* Base */,
			);
			name = Main.storyboard;
			sourceTree = "<group>";
		};
		ADC71E2F1EFD0A79003A91CE /* LaunchScreen.storyboard */ = {
			isa = PBXVariantGroup;
			children = (
				ADC71E301EFD0A79003A91CE /* Base */,
			);
			name = LaunchScreen.storyboard;
			sourceTree = "<group>";
		};
/* End PBXVariantGroup section */

/* Begin XCBuildConfiguration section */
		ADC71E3E1EFD0A79003A91CE /* Debug */ = {
			isa = XCBuildConfiguration;
			buildSettings = {
				ALWAYS_SEARCH_USER_PATHS = NO;
				CLANG_ANALYZER_NONNULL = YES;
				CLANG_ANALYZER_NUMBER_OBJECT_CONVERSION = YES_AGGRESSIVE;
				CLANG_CXX_LANGUAGE_STANDARD = "gnu++0x";
				CLANG_CXX_LIBRARY = "libc++";
				CLANG_ENABLE_MODULES = YES;
				CLANG_ENABLE_OBJC_ARC = YES;
				CLANG_WARN_BOOL_CONVERSION = YES;
				CLANG_WARN_CONSTANT_CONVERSION = YES;
				CLANG_WARN_DIRECT_OBJC_ISA_USAGE = YES_ERROR;
				CLANG_WARN_DOCUMENTATION_COMMENTS = YES;
				CLANG_WARN_EMPTY_BODY = YES;
				CLANG_WARN_ENUM_CONVERSION = YES;
				CLANG_WARN_INFINITE_RECURSION = YES;
				CLANG_WARN_INT_CONVERSION = YES;
				CLANG_WARN_OBJC_ROOT_CLASS = YES_ERROR;
				CLANG_WARN_SUSPICIOUS_MOVE = YES;
				CLANG_WARN_UNREACHABLE_CODE = YES;
				CLANG_WARN__DUPLICATE_METHOD_MATCH = YES;
				"CODE_SIGN_IDENTITY[sdk=iphoneos*]" = "iPhone Developer";
				COPY_PHASE_STRIP = NO;
				DEBUG_INFORMATION_FORMAT = dwarf;
				ENABLE_STRICT_OBJC_MSGSEND = YES;
				ENABLE_TESTABILITY = YES;
				GCC_C_LANGUAGE_STANDARD = gnu99;
				GCC_DYNAMIC_NO_PIC = NO;
				GCC_NO_COMMON_BLOCKS = YES;
				GCC_OPTIMIZATION_LEVEL = 0;
				GCC_PREPROCESSOR_DEFINITIONS = (
					"DEBUG=1",
					"$(inherited)",
				);
				GCC_WARN_64_TO_32_BIT_CONVERSION = YES;
				GCC_WARN_ABOUT_RETURN_TYPE = YES_ERROR;
				GCC_WARN_UNDECLARED_SELECTOR = YES;
				GCC_WARN_UNINITIALIZED_AUTOS = YES_AGGRESSIVE;
				GCC_WARN_UNUSED_FUNCTION = YES;
				GCC_WARN_UNUSED_VARIABLE = YES;
				IPHONEOS_DEPLOYMENT_TARGET = 10.3;
				MTL_ENABLE_DEBUG_INFO = YES;
				ONLY_ACTIVE_ARCH = YES;
				SDKROOT = iphoneos;
				SWIFT_ACTIVE_COMPILATION_CONDITIONS = DEBUG;
				SWIFT_OPTIMIZATION_LEVEL = "-Onone";
				TARGETED_DEVICE_FAMILY = "1,2";
			};
			name = Debug;
		};
		ADC71E3F1EFD0A79003A91CE /* Release */ = {
			isa = XCBuildConfiguration;
			buildSettings = {
				ALWAYS_SEARCH_USER_PATHS = NO;
				CLANG_ANALYZER_NONNULL = YES;
				CLANG_ANALYZER_NUMBER_OBJECT_CONVERSION = YES_AGGRESSIVE;
				CLANG_CXX_LANGUAGE_STANDARD = "gnu++0x";
				CLANG_CXX_LIBRARY = "libc++";
				CLANG_ENABLE_MODULES = YES;
				CLANG_ENABLE_OBJC_ARC = YES;
				CLANG_WARN_BOOL_CONVERSION = YES;
				CLANG_WARN_CONSTANT_CONVERSION = YES;
				CLANG_WARN_DIRECT_OBJC_ISA_USAGE = YES_ERROR;
				CLANG_WARN_DOCUMENTATION_COMMENTS = YES;
				CLANG_WARN_EMPTY_BODY = YES;
				CLANG_WARN_ENUM_CONVERSION = YES;
				CLANG_WARN_INFINITE_RECURSION = YES;
				CLANG_WARN_INT_CONVERSION = YES;
				CLANG_WARN_OBJC_ROOT_CLASS = YES_ERROR;
				CLANG_WARN_SUSPICIOUS_MOVE = YES;
				CLANG_WARN_UNREACHABLE_CODE = YES;
				CLANG_WARN__DUPLICATE_METHOD_MATCH = YES;
				"CODE_SIGN_IDENTITY[sdk=iphoneos*]" = "iPhone Developer";
				COPY_PHASE_STRIP = NO;
				DEBUG_INFORMATION_FORMAT = "dwarf-with-dsym";
				ENABLE_NS_ASSERTIONS = NO;
				ENABLE_STRICT_OBJC_MSGSEND = YES;
				GCC_C_LANGUAGE_STANDARD = gnu99;
				GCC_NO_COMMON_BLOCKS = YES;
				GCC_WARN_64_TO_32_BIT_CONVERSION = YES;
				GCC_WARN_ABOUT_RETURN_TYPE = YES_ERROR;
				GCC_WARN_UNDECLARED_SELECTOR = YES;
				GCC_WARN_UNINITIALIZED_AUTOS = YES_AGGRESSIVE;
				GCC_WARN_UNUSED_FUNCTION = YES;
				GCC_WARN_UNUSED_VARIABLE = YES;
				IPHONEOS_DEPLOYMENT_TARGET = 10.3;
				MTL_ENABLE_DEBUG_INFO = NO;
				SDKROOT = iphoneos;
				SWIFT_OPTIMIZATION_LEVEL = "-Owholemodule";
				TARGETED_DEVICE_FAMILY = "1,2";
				VALIDATE_PRODUCT = YES;
			};
			name = Release;
		};
		ADC71E411EFD0A79003A91CE /* Debug */ = {
			isa = XCBuildConfiguration;
			baseConfigurationReference = E39168FF4FB0B1DDFABD9FD0 /* Pods-BookCase.debug.xcconfig */;
			buildSettings = {
				ASSETCATALOG_COMPILER_APPICON_NAME = AppIcon;
				DEVELOPMENT_TEAM = "";
				INFOPLIST_FILE = BookCase/Info.plist;
				IPHONEOS_DEPLOYMENT_TARGET = 9.3;
				LD_RUNPATH_SEARCH_PATHS = "$(inherited) @executable_path/Frameworks";
				PRODUCT_BUNDLE_IDENTIFIER = com.stephanotelolahy.BookCase;
				PRODUCT_NAME = "$(TARGET_NAME)";
				PROVISIONING_PROFILE_SPECIFIER = "";
				SWIFT_VERSION = 3.0;
			};
			name = Debug;
		};
		ADC71E421EFD0A79003A91CE /* Release */ = {
			isa = XCBuildConfiguration;
			baseConfigurationReference = 4BCEC9DC7DE14B4FA3FFDB9F /* Pods-BookCase.release.xcconfig */;
			buildSettings = {
				ASSETCATALOG_COMPILER_APPICON_NAME = AppIcon;
				DEVELOPMENT_TEAM = "";
				INFOPLIST_FILE = BookCase/Info.plist;
				IPHONEOS_DEPLOYMENT_TARGET = 9.3;
				LD_RUNPATH_SEARCH_PATHS = "$(inherited) @executable_path/Frameworks";
				PRODUCT_BUNDLE_IDENTIFIER = com.stephanotelolahy.BookCase;
				PRODUCT_NAME = "$(TARGET_NAME)";
				PROVISIONING_PROFILE_SPECIFIER = "";
				SWIFT_VERSION = 3.0;
			};
			name = Release;
		};
		ADC71E441EFD0A79003A91CE /* Debug */ = {
			isa = XCBuildConfiguration;
			baseConfigurationReference = 9F0DB3CB84B0245F5B81E681 /* Pods-BookCaseTests.debug.xcconfig */;
			buildSettings = {
				ALWAYS_EMBED_SWIFT_STANDARD_LIBRARIES = YES;
				BUNDLE_LOADER = "$(TEST_HOST)";
				INFOPLIST_FILE = BookCaseTests/Info.plist;
				LD_RUNPATH_SEARCH_PATHS = "$(inherited) @executable_path/Frameworks @loader_path/Frameworks";
				PRODUCT_BUNDLE_IDENTIFIER = com.stephanotelolahy.BookCaseTests;
				PRODUCT_NAME = "$(TARGET_NAME)";
				SWIFT_VERSION = 3.0;
				TEST_HOST = "$(BUILT_PRODUCTS_DIR)/BookCase.app/BookCase";
			};
			name = Debug;
		};
		ADC71E451EFD0A79003A91CE /* Release */ = {
			isa = XCBuildConfiguration;
			baseConfigurationReference = 4D1E98F38B3B090319E0A01C /* Pods-BookCaseTests.release.xcconfig */;
			buildSettings = {
				ALWAYS_EMBED_SWIFT_STANDARD_LIBRARIES = YES;
				BUNDLE_LOADER = "$(TEST_HOST)";
				INFOPLIST_FILE = BookCaseTests/Info.plist;
				LD_RUNPATH_SEARCH_PATHS = "$(inherited) @executable_path/Frameworks @loader_path/Frameworks";
				PRODUCT_BUNDLE_IDENTIFIER = com.stephanotelolahy.BookCaseTests;
				PRODUCT_NAME = "$(TARGET_NAME)";
				SWIFT_VERSION = 3.0;
				TEST_HOST = "$(BUILT_PRODUCTS_DIR)/BookCase.app/BookCase";
			};
			name = Release;
		};
/* End XCBuildConfiguration section */

/* Begin XCConfigurationList section */
		ADC71E1E1EFD0A79003A91CE /* Build configuration list for PBXProject "BookCase" */ = {
			isa = XCConfigurationList;
			buildConfigurations = (
				ADC71E3E1EFD0A79003A91CE /* Debug */,
				ADC71E3F1EFD0A79003A91CE /* Release */,
			);
			defaultConfigurationIsVisible = 0;
			defaultConfigurationName = Release;
		};
		ADC71E401EFD0A79003A91CE /* Build configuration list for PBXNativeTarget "BookCase" */ = {
			isa = XCConfigurationList;
			buildConfigurations = (
				ADC71E411EFD0A79003A91CE /* Debug */,
				ADC71E421EFD0A79003A91CE /* Release */,
			);
			defaultConfigurationIsVisible = 0;
			defaultConfigurationName = Release;
		};
		ADC71E431EFD0A79003A91CE /* Build configuration list for PBXNativeTarget "BookCaseTests" */ = {
			isa = XCConfigurationList;
			buildConfigurations = (
				ADC71E441EFD0A79003A91CE /* Debug */,
				ADC71E451EFD0A79003A91CE /* Release */,
			);
			defaultConfigurationIsVisible = 0;
			defaultConfigurationName = Release;
		};
/* End XCConfigurationList section */
	};
	rootObject = ADC71E1B1EFD0A79003A91CE /* Project object */;
}
